
Microsoft Visual Studio Solution File, Format Version 12.00
# Visual Studio 2017
Project("{FAE04EC0-301F-11D3-BF4B-00C04F79EFBC}") = "Parcial3_Usme_Duque", "Parcial3_Usme_Duque.csproj", "{1DA0FFB4-DD5A-0973-D20D-7EE6667D5315}"
EndProject
Global
	GlobalSection(SolutionConfigurationPlatforms) = preSolution
		Debug|Any CPU = Debug|Any CPU
		Release|Any CPU = Release|Any CPU
	EndGlobalSection
	GlobalSection(ProjectConfigurationPlatforms) = postSolution
		{1DA0FFB4-DD5A-0973-D20D-7EE6667D5315}.Debug|Any CPU.ActiveCfg = Debug|Any CPU
		{1DA0FFB4-DD5A-0973-D20D-7EE6667D5315}.Debug|Any CPU.Build.0 = Debug|Any CPU
		{1DA0FFB4-DD5A-0973-D20D-7EE6667D5315}.Release|Any CPU.ActiveCfg = Release|Any CPU
		{1DA0FFB4-DD5A-0973-D20D-7EE6667D5315}.Release|Any CPU.Build.0 = Release|Any CPU
	EndGlobalSection
	GlobalSection(SolutionProperties) = preSolution
		HideSolutionNode = FALSE
	EndGlobalSection
EndGlobal
